
Microsoft Visual Studio Solution File, Format Version 12.00
# Visual Studio Version 16
VisualStudioVersion = 16.0.29509.3
MinimumVisualStudioVersion = 10.0.40219.1
Project("{FAE04EC0-301F-11D3-BF4B-00C04F79EFBC}") = "WaterMeasurement", "WaterMeasurement\WaterMeasurement.csproj", "{E374A113-9D4E-4C15-96A7-F5154CC21E24}"
EndProject
Global
	GlobalSection(SolutionConfigurationPlatforms) = preSolution
		Debug|Any CPU = Debug|Any CPU
		Release|Any CPU = Release|Any CPU
	EndGlobalSection
	GlobalSection(ProjectConfigurationPlatforms) = postSolution
		{E374A113-9D4E-4C15-96A7-F5154CC21E24}.Debug|Any CPU.ActiveCfg = Debug|Any CPU
		{E374A113-9D4E-4C15-96A7-F5154CC21E24}.Debug|Any CPU.Build.0 = Debug|Any CPU
		{E374A113-9D4E-4C15-96A7-F5154CC21E24}.Release|Any CPU.ActiveCfg = Release|Any CPU
		{E374A113-9D4E-4C15-96A7-F5154CC21E24}.Release|Any CPU.Build.0 = Release|Any CPU
	EndGlobalSection
	GlobalSection(SolutionProperties) = preSolution
		HideSolutionNode = FALSE
	EndGlobalSection
	GlobalSection(ExtensibilityGlobals) = postSolution
		SolutionGuid = {09DD740B-5CC1-4893-991E-E1F37DB9DD16}
	EndGlobalSection
EndGlobal
